
Microsoft Visual Studio Solution File, Format Version 12.00
# Visual Studio Version 17
VisualStudioVersion = 17.2.32616.157
MinimumVisualStudioVersion = 10.0.40219.1
Project("{FAE04EC0-301F-11D3-BF4B-00C04F79EFBC}") = "Dotnet6_Console", "Dotnet6_Console\Dotnet6_Console.csproj", "{1C0705C8-0EE7-421D-8FCB-0618902EB667}"
EndProject
Global
	GlobalSection(SolutionConfigurationPlatforms) = preSolution
		Debug|Any CPU = Debug|Any CPU
		Release|Any CPU = Release|Any CPU
	EndGlobalSection
	GlobalSection(ProjectConfigurationPlatforms) = postSolution
		{1C0705C8-0EE7-421D-8FCB-0618902EB667}.Debug|Any CPU.ActiveCfg = Debug|Any CPU
		{1C0705C8-0EE7-421D-8FCB-0618902EB667}.Debug|Any CPU.Build.0 = Debug|Any CPU
		{1C0705C8-0EE7-421D-8FCB-0618902EB667}.Release|Any CPU.ActiveCfg = Release|Any CPU
		{1C0705C8-0EE7-421D-8FCB-0618902EB667}.Release|Any CPU.Build.0 = Release|Any CPU
	EndGlobalSection
	GlobalSection(SolutionProperties) = preSolution
		HideSolutionNode = FALSE
	EndGlobalSection
	GlobalSection(ExtensibilityGlobals) = postSolution
		SolutionGuid = {91B12548-B9B4-469D-BA2C-2CA377E68129}
	EndGlobalSection
EndGlobal
